# This file is automatically @generated by Cargo.
# It is not intended for manual editing.
[[package]]
name = "libaoc"
version = "0.1.0"

[[package]]
name = "multimap"
version = "0.8.0"
source = "registry+https://github.com/rust-lang/crates.io-index"
dependencies = [
 "serde 1.0.103 (registry+https://github.com/rust-lang/crates.io-index)",
]

[[package]]
name = "serde"
version = "1.0.103"
source = "registry+https://github.com/rust-lang/crates.io-index"

[[package]]
name = "soln"
version = "0.1.0"
dependencies = [
 "libaoc 0.1.0",
 "multimap 0.8.0 (registry+https://github.com/rust-lang/crates.io-index)",
]

[metadata]
"checksum multimap 0.8.0 (registry+https://github.com/rust-lang/crates.io-index)" = "a97fbd5d00e0e37bfb10f433af8f5aaf631e739368dc9fc28286ca81ca4948dc"
"checksum serde 1.0.103 (registry+https://github.com/rust-lang/crates.io-index)" = "1217f97ab8e8904b57dd22eb61cde455fa7446a9c1cf43966066da047c1f3702"
