# This file is automatically @generated by Cargo.
# It is not intended for manual editing.
[[package]]
name = "libaoc"
version = "0.1.0"

[[package]]
name = "soln"
version = "0.1.0"
dependencies = [
 "libaoc 0.1.0",
 "topological-sort 0.1.0 (registry+https://github.com/rust-lang/crates.io-index)",
]

[[package]]
name = "topological-sort"
version = "0.1.0"
source = "registry+https://github.com/rust-lang/crates.io-index"

[metadata]
"checksum topological-sort 0.1.0 (registry+https://github.com/rust-lang/crates.io-index)" = "aa7c7f42dea4b1b99439786f5633aeb9c14c1b53f75e282803c2ec2ad545873c"
